
Microsoft Visual Studio Solution File, Format Version 12.00
# Visual Studio 14
VisualStudioVersion = 14.0.23107.0
MinimumVisualStudioVersion = 10.0.40219.1
Project("{FAE04EC0-301F-11D3-BF4B-00C04F79EFBC}") = "BillPath.Modern", "BillPath.Modern\BillPath.Modern.csproj", "{3911CB56-0C7B-432F-A220-74B9C63DC1D2}"
EndProject
Project("{FAE04EC0-301F-11D3-BF4B-00C04F79EFBC}") = "BillPath.Modern.Tests", "BillPath.Modern.Tests\BillPath.Modern.Tests.csproj", "{5AA09DCE-F49D-4829-A6AA-DE2974B8F69D}"
EndProject
Project("{2150E333-8FDC-42A3-9474-1A3956D46DE8}") = "Core", "Core", "{8FC3D751-2D21-47AB-9D0A-945FC5CF5708}"
EndProject
Project("{2150E333-8FDC-42A3-9474-1A3956D46DE8}") = "Modern", "Modern", "{B1F1C06B-34E4-4688-BA67-124EA6D9CD7E}"
EndProject
Project("{FAE04EC0-301F-11D3-BF4B-00C04F79EFBC}") = "BillPath.Strings.Tests", "BillPath.Strings.Tests\BillPath.Strings.Tests.csproj", "{F079F888-5E8B-4391-B105-69994CCFFECE}"
EndProject
Project("{FAE04EC0-301F-11D3-BF4B-00C04F79EFBC}") = "BillPath.Modern.Converters.Tests", "BillPath.Modern.Converters.Tests\BillPath.Modern.Converters.Tests.csproj", "{DFBBC8F9-0F5E-446F-8FF5-2B4513C62B2F}"
EndProject
Project("{FAE04EC0-301F-11D3-BF4B-00C04F79EFBC}") = "BillPath.Models.Tests", "BillPath.Models.Tests\BillPath.Models.Tests.csproj", "{FA174E16-3C99-453E-A74C-11B37AC21F23}"
EndProject
Project("{D954291E-2A0B-460D-934E-DC6B0785DB48}") = "BillPath.Properties", "BillPath.Properties\BillPath.Properties.shproj", "{E6DE2565-02BC-4478-9083-A7851C323CC0}"
EndProject
Project("{FAE04EC0-301F-11D3-BF4B-00C04F79EFBC}") = "BillPath", "BillPath\BillPath.csproj", "{6F1D21E6-EEBA-4D46-8E1A-44703C93044A}"
EndProject
Project("{FAE04EC0-301F-11D3-BF4B-00C04F79EFBC}") = "BillPath.UserInterface.ViewModels.Tests", "BillPath.UserInterface.ViewModels.Tests\BillPath.UserInterface.ViewModels.Tests.csproj", "{458AE041-D984-4417-BBD7-05FEE3F4F59E}"
EndProject
Project("{FAE04EC0-301F-11D3-BF4B-00C04F79EFBC}") = "BillPath.Providers.Tests", "BillPath.Providers.Tests\BillPath.Providers.Tests.csproj", "{B81065E8-61D6-4039-9521-433E7F394862}"
EndProject
Project("{2150E333-8FDC-42A3-9474-1A3956D46DE8}") = "Solution Items", "Solution Items", "{578662D8-6F3C-45A1-9C91-C2F479CA253D}"
	ProjectSection(SolutionItems) = preProject
		Get-CurrencyProvider.ps1 = Get-CurrencyProvider.ps1
	EndProjectSection
EndProject
Project("{FAE04EC0-301F-11D3-BF4B-00C04F79EFBC}") = "BillPath.DataAccess.Mocks.Tests", "BillPath.DataAccess.Mocks.Tests\BillPath.DataAccess.Mocks.Tests.csproj", "{F42F6BB6-3FD3-4D38-98BE-8C7B7E17D66E}"
EndProject
Project("{FAE04EC0-301F-11D3-BF4B-00C04F79EFBC}") = "BillPath.DataAccess.Tests", "BillPath.DataAccess.Tests\BillPath.DataAccess.Tests.csproj", "{DBB98127-57D7-4B35-81FE-6BC43D941100}"
EndProject
Project("{FAE04EC0-301F-11D3-BF4B-00C04F79EFBC}") = "BillPath.Tests", "BillPath.Tests\BillPath.Tests.csproj", "{E6EB82C3-3919-49A0-B807-770DCBE510B7}"
EndProject
Global
	GlobalSection(SharedMSBuildProjectFiles) = preSolution
		BillPath.Properties\BillPath.Properties.projitems*{458ae041-d984-4417-bbd7-05fee3f4f59e}*SharedItemsImports = 4
		BillPath.Properties\BillPath.Properties.projitems*{b81065e8-61d6-4039-9521-433e7f394862}*SharedItemsImports = 4
		BillPath.Properties\BillPath.Properties.projitems*{e6eb82c3-3919-49a0-b807-770dcbe510b7}*SharedItemsImports = 4
		BillPath.Properties\BillPath.Properties.projitems*{6f1d21e6-eeba-4d46-8e1a-44703c93044a}*SharedItemsImports = 4
		BillPath.Properties\BillPath.Properties.projitems*{f079f888-5e8b-4391-b105-69994ccffece}*SharedItemsImports = 4
		BillPath.Properties\BillPath.Properties.projitems*{fa174e16-3c99-453e-a74c-11b37ac21f23}*SharedItemsImports = 4
		BillPath.Properties\BillPath.Properties.projitems*{dbb98127-57d7-4b35-81fe-6bc43d941100}*SharedItemsImports = 4
		BillPath.Properties\BillPath.Properties.projitems*{dfbbc8f9-0f5e-446f-8ff5-2b4513c62b2f}*SharedItemsImports = 4
		BillPath.Properties\BillPath.Properties.projitems*{3911cb56-0c7b-432f-a220-74b9c63dc1d2}*SharedItemsImports = 4
		BillPath.Properties\BillPath.Properties.projitems*{e6de2565-02bc-4478-9083-a7851c323cc0}*SharedItemsImports = 13
		BillPath.Properties\BillPath.Properties.projitems*{f42f6bb6-3fd3-4d38-98be-8c7b7e17d66e}*SharedItemsImports = 4
		BillPath.Properties\BillPath.Properties.projitems*{5aa09dce-f49d-4829-a6aa-de2974b8f69d}*SharedItemsImports = 4
	EndGlobalSection
	GlobalSection(SolutionConfigurationPlatforms) = preSolution
		Debug|Any CPU = Debug|Any CPU
		Debug|ARM = Debug|ARM
		Debug|x64 = Debug|x64
		Debug|x86 = Debug|x86
		Release|Any CPU = Release|Any CPU
		Release|ARM = Release|ARM
		Release|x64 = Release|x64
		Release|x86 = Release|x86
	EndGlobalSection
	GlobalSection(ProjectConfigurationPlatforms) = postSolution
		{3911CB56-0C7B-432F-A220-74B9C63DC1D2}.Debug|Any CPU.ActiveCfg = Debug|Any CPU
		{3911CB56-0C7B-432F-A220-74B9C63DC1D2}.Debug|Any CPU.Build.0 = Debug|Any CPU
		{3911CB56-0C7B-432F-A220-74B9C63DC1D2}.Debug|Any CPU.Deploy.0 = Debug|Any CPU
		{3911CB56-0C7B-432F-A220-74B9C63DC1D2}.Debug|ARM.ActiveCfg = Debug|ARM
		{3911CB56-0C7B-432F-A220-74B9C63DC1D2}.Debug|ARM.Build.0 = Debug|ARM
		{3911CB56-0C7B-432F-A220-74B9C63DC1D2}.Debug|ARM.Deploy.0 = Debug|ARM
		{3911CB56-0C7B-432F-A220-74B9C63DC1D2}.Debug|x64.ActiveCfg = Debug|x64
		{3911CB56-0C7B-432F-A220-74B9C63DC1D2}.Debug|x64.Build.0 = Debug|x64
		{3911CB56-0C7B-432F-A220-74B9C63DC1D2}.Debug|x64.Deploy.0 = Debug|x64
		{3911CB56-0C7B-432F-A220-74B9C63DC1D2}.Debug|x86.ActiveCfg = Debug|x86
		{3911CB56-0C7B-432F-A220-74B9C63DC1D2}.Debug|x86.Build.0 = Debug|x86
		{3911CB56-0C7B-432F-A220-74B9C63DC1D2}.Debug|x86.Deploy.0 = Debug|x86
		{3911CB56-0C7B-432F-A220-74B9C63DC1D2}.Release|Any CPU.ActiveCfg = Release|Any CPU
		{3911CB56-0C7B-432F-A220-74B9C63DC1D2}.Release|Any CPU.Build.0 = Release|Any CPU
		{3911CB56-0C7B-432F-A220-74B9C63DC1D2}.Release|Any CPU.Deploy.0 = Release|Any CPU
		{3911CB56-0C7B-432F-A220-74B9C63DC1D2}.Release|ARM.ActiveCfg = Release|ARM
		{3911CB56-0C7B-432F-A220-74B9C63DC1D2}.Release|ARM.Build.0 = Release|ARM
		{3911CB56-0C7B-432F-A220-74B9C63DC1D2}.Release|ARM.Deploy.0 = Release|ARM
		{3911CB56-0C7B-432F-A220-74B9C63DC1D2}.Release|x64.ActiveCfg = Release|x64
		{3911CB56-0C7B-432F-A220-74B9C63DC1D2}.Release|x64.Build.0 = Release|x64
		{3911CB56-0C7B-432F-A220-74B9C63DC1D2}.Release|x64.Deploy.0 = Release|x64
		{3911CB56-0C7B-432F-A220-74B9C63DC1D2}.Release|x86.ActiveCfg = Release|x86
		{3911CB56-0C7B-432F-A220-74B9C63DC1D2}.Release|x86.Build.0 = Release|x86
		{3911CB56-0C7B-432F-A220-74B9C63DC1D2}.Release|x86.Deploy.0 = Release|x86
		{5AA09DCE-F49D-4829-A6AA-DE2974B8F69D}.Debug|Any CPU.ActiveCfg = Debug|Any CPU
		{5AA09DCE-F49D-4829-A6AA-DE2974B8F69D}.Debug|Any CPU.Build.0 = Debug|Any CPU
		{5AA09DCE-F49D-4829-A6AA-DE2974B8F69D}.Debug|Any CPU.Deploy.0 = Debug|Any CPU
		{5AA09DCE-F49D-4829-A6AA-DE2974B8F69D}.Debug|ARM.ActiveCfg = Debug|ARM
		{5AA09DCE-F49D-4829-A6AA-DE2974B8F69D}.Debug|ARM.Build.0 = Debug|ARM
		{5AA09DCE-F49D-4829-A6AA-DE2974B8F69D}.Debug|ARM.Deploy.0 = Debug|ARM
		{5AA09DCE-F49D-4829-A6AA-DE2974B8F69D}.Debug|x64.ActiveCfg = Debug|x64
		{5AA09DCE-F49D-4829-A6AA-DE2974B8F69D}.Debug|x64.Build.0 = Debug|x64
		{5AA09DCE-F49D-4829-A6AA-DE2974B8F69D}.Debug|x64.Deploy.0 = Debug|x64
		{5AA09DCE-F49D-4829-A6AA-DE2974B8F69D}.Debug|x86.ActiveCfg = Debug|x86
		{5AA09DCE-F49D-4829-A6AA-DE2974B8F69D}.Debug|x86.Build.0 = Debug|x86
		{5AA09DCE-F49D-4829-A6AA-DE2974B8F69D}.Debug|x86.Deploy.0 = Debug|x86
		{5AA09DCE-F49D-4829-A6AA-DE2974B8F69D}.Release|Any CPU.ActiveCfg = Release|Any CPU
		{5AA09DCE-F49D-4829-A6AA-DE2974B8F69D}.Release|Any CPU.Build.0 = Release|Any CPU
		{5AA09DCE-F49D-4829-A6AA-DE2974B8F69D}.Release|Any CPU.Deploy.0 = Release|Any CPU
		{5AA09DCE-F49D-4829-A6AA-DE2974B8F69D}.Release|ARM.ActiveCfg = Release|ARM
		{5AA09DCE-F49D-4829-A6AA-DE2974B8F69D}.Release|ARM.Build.0 = Release|ARM
		{5AA09DCE-F49D-4829-A6AA-DE2974B8F69D}.Release|ARM.Deploy.0 = Release|ARM
		{5AA09DCE-F49D-4829-A6AA-DE2974B8F69D}.Release|x64.ActiveCfg = Release|x64
		{5AA09DCE-F49D-4829-A6AA-DE2974B8F69D}.Release|x64.Build.0 = Release|x64
		{5AA09DCE-F49D-4829-A6AA-DE2974B8F69D}.Release|x64.Deploy.0 = Release|x64
		{5AA09DCE-F49D-4829-A6AA-DE2974B8F69D}.Release|x86.ActiveCfg = Release|x86
		{5AA09DCE-F49D-4829-A6AA-DE2974B8F69D}.Release|x86.Build.0 = Release|x86
		{5AA09DCE-F49D-4829-A6AA-DE2974B8F69D}.Release|x86.Deploy.0 = Release|x86
		{F079F888-5E8B-4391-B105-69994CCFFECE}.Debug|Any CPU.ActiveCfg = Debug|Any CPU
		{F079F888-5E8B-4391-B105-69994CCFFECE}.Debug|Any CPU.Build.0 = Debug|Any CPU
		{F079F888-5E8B-4391-B105-69994CCFFECE}.Debug|Any CPU.Deploy.0 = Debug|Any CPU
		{F079F888-5E8B-4391-B105-69994CCFFECE}.Debug|ARM.ActiveCfg = Debug|ARM
		{F079F888-5E8B-4391-B105-69994CCFFECE}.Debug|ARM.Build.0 = Debug|ARM
		{F079F888-5E8B-4391-B105-69994CCFFECE}.Debug|ARM.Deploy.0 = Debug|ARM
		{F079F888-5E8B-4391-B105-69994CCFFECE}.Debug|x64.ActiveCfg = Debug|x64
		{F079F888-5E8B-4391-B105-69994CCFFECE}.Debug|x64.Build.0 = Debug|x64
		{F079F888-5E8B-4391-B105-69994CCFFECE}.Debug|x64.Deploy.0 = Debug|x64
		{F079F888-5E8B-4391-B105-69994CCFFECE}.Debug|x86.ActiveCfg = Debug|x86
		{F079F888-5E8B-4391-B105-69994CCFFECE}.Debug|x86.Build.0 = Debug|x86
		{F079F888-5E8B-4391-B105-69994CCFFECE}.Debug|x86.Deploy.0 = Debug|x86
		{F079F888-5E8B-4391-B105-69994CCFFECE}.Release|Any CPU.ActiveCfg = Release|Any CPU
		{F079F888-5E8B-4391-B105-69994CCFFECE}.Release|Any CPU.Build.0 = Release|Any CPU
		{F079F888-5E8B-4391-B105-69994CCFFECE}.Release|Any CPU.Deploy.0 = Release|Any CPU
		{F079F888-5E8B-4391-B105-69994CCFFECE}.Release|ARM.ActiveCfg = Release|ARM
		{F079F888-5E8B-4391-B105-69994CCFFECE}.Release|ARM.Build.0 = Release|ARM
		{F079F888-5E8B-4391-B105-69994CCFFECE}.Release|ARM.Deploy.0 = Release|ARM
		{F079F888-5E8B-4391-B105-69994CCFFECE}.Release|x64.ActiveCfg = Release|x64
		{F079F888-5E8B-4391-B105-69994CCFFECE}.Release|x64.Build.0 = Release|x64
		{F079F888-5E8B-4391-B105-69994CCFFECE}.Release|x64.Deploy.0 = Release|x64
		{F079F888-5E8B-4391-B105-69994CCFFECE}.Release|x86.ActiveCfg = Release|x86
		{F079F888-5E8B-4391-B105-69994CCFFECE}.Release|x86.Build.0 = Release|x86
		{F079F888-5E8B-4391-B105-69994CCFFECE}.Release|x86.Deploy.0 = Release|x86
		{DFBBC8F9-0F5E-446F-8FF5-2B4513C62B2F}.Debug|Any CPU.ActiveCfg = Debug|Any CPU
		{DFBBC8F9-0F5E-446F-8FF5-2B4513C62B2F}.Debug|Any CPU.Build.0 = Debug|Any CPU
		{DFBBC8F9-0F5E-446F-8FF5-2B4513C62B2F}.Debug|Any CPU.Deploy.0 = Debug|Any CPU
		{DFBBC8F9-0F5E-446F-8FF5-2B4513C62B2F}.Debug|ARM.ActiveCfg = Debug|ARM
		{DFBBC8F9-0F5E-446F-8FF5-2B4513C62B2F}.Debug|ARM.Build.0 = Debug|ARM
		{DFBBC8F9-0F5E-446F-8FF5-2B4513C62B2F}.Debug|ARM.Deploy.0 = Debug|ARM
		{DFBBC8F9-0F5E-446F-8FF5-2B4513C62B2F}.Debug|x64.ActiveCfg = Debug|x64
		{DFBBC8F9-0F5E-446F-8FF5-2B4513C62B2F}.Debug|x64.Build.0 = Debug|x64
		{DFBBC8F9-0F5E-446F-8FF5-2B4513C62B2F}.Debug|x64.Deploy.0 = Debug|x64
		{DFBBC8F9-0F5E-446F-8FF5-2B4513C62B2F}.Debug|x86.ActiveCfg = Debug|x86
		{DFBBC8F9-0F5E-446F-8FF5-2B4513C62B2F}.Debug|x86.Build.0 = Debug|x86
		{DFBBC8F9-0F5E-446F-8FF5-2B4513C62B2F}.Debug|x86.Deploy.0 = Debug|x86
		{DFBBC8F9-0F5E-446F-8FF5-2B4513C62B2F}.Release|Any CPU.ActiveCfg = Release|Any CPU
		{DFBBC8F9-0F5E-446F-8FF5-2B4513C62B2F}.Release|Any CPU.Build.0 = Release|Any CPU
		{DFBBC8F9-0F5E-446F-8FF5-2B4513C62B2F}.Release|Any CPU.Deploy.0 = Release|Any CPU
		{DFBBC8F9-0F5E-446F-8FF5-2B4513C62B2F}.Release|ARM.ActiveCfg = Release|ARM
		{DFBBC8F9-0F5E-446F-8FF5-2B4513C62B2F}.Release|ARM.Build.0 = Release|ARM
		{DFBBC8F9-0F5E-446F-8FF5-2B4513C62B2F}.Release|ARM.Deploy.0 = Release|ARM
		{DFBBC8F9-0F5E-446F-8FF5-2B4513C62B2F}.Release|x64.ActiveCfg = Release|x64
		{DFBBC8F9-0F5E-446F-8FF5-2B4513C62B2F}.Release|x64.Build.0 = Release|x64
		{DFBBC8F9-0F5E-446F-8FF5-2B4513C62B2F}.Release|x64.Deploy.0 = Release|x64
		{DFBBC8F9-0F5E-446F-8FF5-2B4513C62B2F}.Release|x86.ActiveCfg = Release|x86
		{DFBBC8F9-0F5E-446F-8FF5-2B4513C62B2F}.Release|x86.Build.0 = Release|x86
		{DFBBC8F9-0F5E-446F-8FF5-2B4513C62B2F}.Release|x86.Deploy.0 = Release|x86
		{FA174E16-3C99-453E-A74C-11B37AC21F23}.Debug|Any CPU.ActiveCfg = Debug|Any CPU
		{FA174E16-3C99-453E-A74C-11B37AC21F23}.Debug|Any CPU.Build.0 = Debug|Any CPU
		{FA174E16-3C99-453E-A74C-11B37AC21F23}.Debug|Any CPU.Deploy.0 = Debug|Any CPU
		{FA174E16-3C99-453E-A74C-11B37AC21F23}.Debug|ARM.ActiveCfg = Debug|ARM
		{FA174E16-3C99-453E-A74C-11B37AC21F23}.Debug|ARM.Build.0 = Debug|ARM
		{FA174E16-3C99-453E-A74C-11B37AC21F23}.Debug|ARM.Deploy.0 = Debug|ARM
		{FA174E16-3C99-453E-A74C-11B37AC21F23}.Debug|x64.ActiveCfg = Debug|x64
		{FA174E16-3C99-453E-A74C-11B37AC21F23}.Debug|x64.Build.0 = Debug|x64
		{FA174E16-3C99-453E-A74C-11B37AC21F23}.Debug|x64.Deploy.0 = Debug|x64
		{FA174E16-3C99-453E-A74C-11B37AC21F23}.Debug|x86.ActiveCfg = Debug|x86
		{FA174E16-3C99-453E-A74C-11B37AC21F23}.Debug|x86.Build.0 = Debug|x86
		{FA174E16-3C99-453E-A74C-11B37AC21F23}.Debug|x86.Deploy.0 = Debug|x86
		{FA174E16-3C99-453E-A74C-11B37AC21F23}.Release|Any CPU.ActiveCfg = Release|Any CPU
		{FA174E16-3C99-453E-A74C-11B37AC21F23}.Release|Any CPU.Build.0 = Release|Any CPU
		{FA174E16-3C99-453E-A74C-11B37AC21F23}.Release|Any CPU.Deploy.0 = Release|Any CPU
		{FA174E16-3C99-453E-A74C-11B37AC21F23}.Release|ARM.ActiveCfg = Release|ARM
		{FA174E16-3C99-453E-A74C-11B37AC21F23}.Release|ARM.Build.0 = Release|ARM
		{FA174E16-3C99-453E-A74C-11B37AC21F23}.Release|ARM.Deploy.0 = Release|ARM
		{FA174E16-3C99-453E-A74C-11B37AC21F23}.Release|x64.ActiveCfg = Release|x64
		{FA174E16-3C99-453E-A74C-11B37AC21F23}.Release|x64.Build.0 = Release|x64
		{FA174E16-3C99-453E-A74C-11B37AC21F23}.Release|x64.Deploy.0 = Release|x64
		{FA174E16-3C99-453E-A74C-11B37AC21F23}.Release|x86.ActiveCfg = Release|x86
		{FA174E16-3C99-453E-A74C-11B37AC21F23}.Release|x86.Build.0 = Release|x86
		{FA174E16-3C99-453E-A74C-11B37AC21F23}.Release|x86.Deploy.0 = Release|x86
		{6F1D21E6-EEBA-4D46-8E1A-44703C93044A}.Debug|Any CPU.ActiveCfg = Debug|Any CPU
		{6F1D21E6-EEBA-4D46-8E1A-44703C93044A}.Debug|Any CPU.Build.0 = Debug|Any CPU
		{6F1D21E6-EEBA-4D46-8E1A-44703C93044A}.Debug|ARM.ActiveCfg = Debug|ARM
		{6F1D21E6-EEBA-4D46-8E1A-44703C93044A}.Debug|ARM.Build.0 = Debug|ARM
		{6F1D21E6-EEBA-4D46-8E1A-44703C93044A}.Debug|x64.ActiveCfg = Debug|x64
		{6F1D21E6-EEBA-4D46-8E1A-44703C93044A}.Debug|x64.Build.0 = Debug|x64
		{6F1D21E6-EEBA-4D46-8E1A-44703C93044A}.Debug|x86.ActiveCfg = Debug|x86
		{6F1D21E6-EEBA-4D46-8E1A-44703C93044A}.Debug|x86.Build.0 = Debug|x86
		{6F1D21E6-EEBA-4D46-8E1A-44703C93044A}.Release|Any CPU.ActiveCfg = Release|Any CPU
		{6F1D21E6-EEBA-4D46-8E1A-44703C93044A}.Release|Any CPU.Build.0 = Release|Any CPU
		{6F1D21E6-EEBA-4D46-8E1A-44703C93044A}.Release|ARM.ActiveCfg = Release|ARM
		{6F1D21E6-EEBA-4D46-8E1A-44703C93044A}.Release|ARM.Build.0 = Release|ARM
		{6F1D21E6-EEBA-4D46-8E1A-44703C93044A}.Release|x64.ActiveCfg = Release|x64
		{6F1D21E6-EEBA-4D46-8E1A-44703C93044A}.Release|x64.Build.0 = Release|x64
		{6F1D21E6-EEBA-4D46-8E1A-44703C93044A}.Release|x86.ActiveCfg = Release|x86
		{6F1D21E6-EEBA-4D46-8E1A-44703C93044A}.Release|x86.Build.0 = Release|x86
		{458AE041-D984-4417-BBD7-05FEE3F4F59E}.Debug|Any CPU.ActiveCfg = Debug|Any CPU
		{458AE041-D984-4417-BBD7-05FEE3F4F59E}.Debug|Any CPU.Build.0 = Debug|Any CPU
		{458AE041-D984-4417-BBD7-05FEE3F4F59E}.Debug|Any CPU.Deploy.0 = Debug|Any CPU
		{458AE041-D984-4417-BBD7-05FEE3F4F59E}.Debug|ARM.ActiveCfg = Debug|ARM
		{458AE041-D984-4417-BBD7-05FEE3F4F59E}.Debug|ARM.Build.0 = Debug|ARM
		{458AE041-D984-4417-BBD7-05FEE3F4F59E}.Debug|ARM.Deploy.0 = Debug|ARM
		{458AE041-D984-4417-BBD7-05FEE3F4F59E}.Debug|x64.ActiveCfg = Debug|x64
		{458AE041-D984-4417-BBD7-05FEE3F4F59E}.Debug|x64.Build.0 = Debug|x64
		{458AE041-D984-4417-BBD7-05FEE3F4F59E}.Debug|x64.Deploy.0 = Debug|x64
		{458AE041-D984-4417-BBD7-05FEE3F4F59E}.Debug|x86.ActiveCfg = Debug|x86
		{458AE041-D984-4417-BBD7-05FEE3F4F59E}.Debug|x86.Build.0 = Debug|x86
		{458AE041-D984-4417-BBD7-05FEE3F4F59E}.Debug|x86.Deploy.0 = Debug|x86
		{458AE041-D984-4417-BBD7-05FEE3F4F59E}.Release|Any CPU.ActiveCfg = Release|Any CPU
		{458AE041-D984-4417-BBD7-05FEE3F4F59E}.Release|Any CPU.Build.0 = Release|Any CPU
		{458AE041-D984-4417-BBD7-05FEE3F4F59E}.Release|Any CPU.Deploy.0 = Release|Any CPU
		{458AE041-D984-4417-BBD7-05FEE3F4F59E}.Release|ARM.ActiveCfg = Release|ARM
		{458AE041-D984-4417-BBD7-05FEE3F4F59E}.Release|ARM.Build.0 = Release|ARM
		{458AE041-D984-4417-BBD7-05FEE3F4F59E}.Release|ARM.Deploy.0 = Release|ARM
		{458AE041-D984-4417-BBD7-05FEE3F4F59E}.Release|x64.ActiveCfg = Release|x64
		{458AE041-D984-4417-BBD7-05FEE3F4F59E}.Release|x64.Build.0 = Release|x64
		{458AE041-D984-4417-BBD7-05FEE3F4F59E}.Release|x64.Deploy.0 = Release|x64
		{458AE041-D984-4417-BBD7-05FEE3F4F59E}.Release|x86.ActiveCfg = Release|x86
		{458AE041-D984-4417-BBD7-05FEE3F4F59E}.Release|x86.Build.0 = Release|x86
		{458AE041-D984-4417-BBD7-05FEE3F4F59E}.Release|x86.Deploy.0 = Release|x86
		{B81065E8-61D6-4039-9521-433E7F394862}.Debug|Any CPU.ActiveCfg = Debug|Any CPU
		{B81065E8-61D6-4039-9521-433E7F394862}.Debug|Any CPU.Build.0 = Debug|Any CPU
		{B81065E8-61D6-4039-9521-433E7F394862}.Debug|Any CPU.Deploy.0 = Debug|Any CPU
		{B81065E8-61D6-4039-9521-433E7F394862}.Debug|ARM.ActiveCfg = Debug|ARM
		{B81065E8-61D6-4039-9521-433E7F394862}.Debug|ARM.Build.0 = Debug|ARM
		{B81065E8-61D6-4039-9521-433E7F394862}.Debug|ARM.Deploy.0 = Debug|ARM
		{B81065E8-61D6-4039-9521-433E7F394862}.Debug|x64.ActiveCfg = Debug|x64
		{B81065E8-61D6-4039-9521-433E7F394862}.Debug|x64.Build.0 = Debug|x64
		{B81065E8-61D6-4039-9521-433E7F394862}.Debug|x64.Deploy.0 = Debug|x64
		{B81065E8-61D6-4039-9521-433E7F394862}.Debug|x86.ActiveCfg = Debug|x86
		{B81065E8-61D6-4039-9521-433E7F394862}.Debug|x86.Build.0 = Debug|x86
		{B81065E8-61D6-4039-9521-433E7F394862}.Debug|x86.Deploy.0 = Debug|x86
		{B81065E8-61D6-4039-9521-433E7F394862}.Release|Any CPU.ActiveCfg = Release|Any CPU
		{B81065E8-61D6-4039-9521-433E7F394862}.Release|Any CPU.Build.0 = Release|Any CPU
		{B81065E8-61D6-4039-9521-433E7F394862}.Release|Any CPU.Deploy.0 = Release|Any CPU
		{B81065E8-61D6-4039-9521-433E7F394862}.Release|ARM.ActiveCfg = Release|ARM
		{B81065E8-61D6-4039-9521-433E7F394862}.Release|ARM.Build.0 = Release|ARM
		{B81065E8-61D6-4039-9521-433E7F394862}.Release|ARM.Deploy.0 = Release|ARM
		{B81065E8-61D6-4039-9521-433E7F394862}.Release|x64.ActiveCfg = Release|x64
		{B81065E8-61D6-4039-9521-433E7F394862}.Release|x64.Build.0 = Release|x64
		{B81065E8-61D6-4039-9521-433E7F394862}.Release|x64.Deploy.0 = Release|x64
		{B81065E8-61D6-4039-9521-433E7F394862}.Release|x86.ActiveCfg = Release|x86
		{B81065E8-61D6-4039-9521-433E7F394862}.Release|x86.Build.0 = Release|x86
		{B81065E8-61D6-4039-9521-433E7F394862}.Release|x86.Deploy.0 = Release|x86
		{F42F6BB6-3FD3-4D38-98BE-8C7B7E17D66E}.Debug|Any CPU.ActiveCfg = Debug|Any CPU
		{F42F6BB6-3FD3-4D38-98BE-8C7B7E17D66E}.Debug|Any CPU.Build.0 = Debug|Any CPU
		{F42F6BB6-3FD3-4D38-98BE-8C7B7E17D66E}.Debug|Any CPU.Deploy.0 = Debug|Any CPU
		{F42F6BB6-3FD3-4D38-98BE-8C7B7E17D66E}.Debug|ARM.ActiveCfg = Debug|ARM
		{F42F6BB6-3FD3-4D38-98BE-8C7B7E17D66E}.Debug|ARM.Build.0 = Debug|ARM
		{F42F6BB6-3FD3-4D38-98BE-8C7B7E17D66E}.Debug|ARM.Deploy.0 = Debug|ARM
		{F42F6BB6-3FD3-4D38-98BE-8C7B7E17D66E}.Debug|x64.ActiveCfg = Debug|x64
		{F42F6BB6-3FD3-4D38-98BE-8C7B7E17D66E}.Debug|x64.Build.0 = Debug|x64
		{F42F6BB6-3FD3-4D38-98BE-8C7B7E17D66E}.Debug|x64.Deploy.0 = Debug|x64
		{F42F6BB6-3FD3-4D38-98BE-8C7B7E17D66E}.Debug|x86.ActiveCfg = Debug|x86
		{F42F6BB6-3FD3-4D38-98BE-8C7B7E17D66E}.Debug|x86.Build.0 = Debug|x86
		{F42F6BB6-3FD3-4D38-98BE-8C7B7E17D66E}.Debug|x86.Deploy.0 = Debug|x86
		{F42F6BB6-3FD3-4D38-98BE-8C7B7E17D66E}.Release|Any CPU.ActiveCfg = Release|Any CPU
		{F42F6BB6-3FD3-4D38-98BE-8C7B7E17D66E}.Release|Any CPU.Build.0 = Release|Any CPU
		{F42F6BB6-3FD3-4D38-98BE-8C7B7E17D66E}.Release|Any CPU.Deploy.0 = Release|Any CPU
		{F42F6BB6-3FD3-4D38-98BE-8C7B7E17D66E}.Release|ARM.ActiveCfg = Release|ARM
		{F42F6BB6-3FD3-4D38-98BE-8C7B7E17D66E}.Release|ARM.Build.0 = Release|ARM
		{F42F6BB6-3FD3-4D38-98BE-8C7B7E17D66E}.Release|ARM.Deploy.0 = Release|ARM
		{F42F6BB6-3FD3-4D38-98BE-8C7B7E17D66E}.Release|x64.ActiveCfg = Release|x64
		{F42F6BB6-3FD3-4D38-98BE-8C7B7E17D66E}.Release|x64.Build.0 = Release|x64
		{F42F6BB6-3FD3-4D38-98BE-8C7B7E17D66E}.Release|x64.Deploy.0 = Release|x64
		{F42F6BB6-3FD3-4D38-98BE-8C7B7E17D66E}.Release|x86.ActiveCfg = Release|x86
		{F42F6BB6-3FD3-4D38-98BE-8C7B7E17D66E}.Release|x86.Build.0 = Release|x86
		{F42F6BB6-3FD3-4D38-98BE-8C7B7E17D66E}.Release|x86.Deploy.0 = Release|x86
		{DBB98127-57D7-4B35-81FE-6BC43D941100}.Debug|Any CPU.ActiveCfg = Debug|Any CPU
		{DBB98127-57D7-4B35-81FE-6BC43D941100}.Debug|Any CPU.Build.0 = Debug|Any CPU
		{DBB98127-57D7-4B35-81FE-6BC43D941100}.Debug|Any CPU.Deploy.0 = Debug|Any CPU
		{DBB98127-57D7-4B35-81FE-6BC43D941100}.Debug|ARM.ActiveCfg = Debug|ARM
		{DBB98127-57D7-4B35-81FE-6BC43D941100}.Debug|ARM.Build.0 = Debug|ARM
		{DBB98127-57D7-4B35-81FE-6BC43D941100}.Debug|ARM.Deploy.0 = Debug|ARM
		{DBB98127-57D7-4B35-81FE-6BC43D941100}.Debug|x64.ActiveCfg = Debug|x64
		{DBB98127-57D7-4B35-81FE-6BC43D941100}.Debug|x64.Build.0 = Debug|x64
		{DBB98127-57D7-4B35-81FE-6BC43D941100}.Debug|x64.Deploy.0 = Debug|x64
		{DBB98127-57D7-4B35-81FE-6BC43D941100}.Debug|x86.ActiveCfg = Debug|x86
		{DBB98127-57D7-4B35-81FE-6BC43D941100}.Debug|x86.Build.0 = Debug|x86
		{DBB98127-57D7-4B35-81FE-6BC43D941100}.Debug|x86.Deploy.0 = Debug|x86
		{DBB98127-57D7-4B35-81FE-6BC43D941100}.Release|Any CPU.ActiveCfg = Release|Any CPU
		{DBB98127-57D7-4B35-81FE-6BC43D941100}.Release|Any CPU.Build.0 = Release|Any CPU
		{DBB98127-57D7-4B35-81FE-6BC43D941100}.Release|Any CPU.Deploy.0 = Release|Any CPU
		{DBB98127-57D7-4B35-81FE-6BC43D941100}.Release|ARM.ActiveCfg = Release|ARM
		{DBB98127-57D7-4B35-81FE-6BC43D941100}.Release|ARM.Build.0 = Release|ARM
		{DBB98127-57D7-4B35-81FE-6BC43D941100}.Release|ARM.Deploy.0 = Release|ARM
		{DBB98127-57D7-4B35-81FE-6BC43D941100}.Release|x64.ActiveCfg = Release|x64
		{DBB98127-57D7-4B35-81FE-6BC43D941100}.Release|x64.Build.0 = Release|x64
		{DBB98127-57D7-4B35-81FE-6BC43D941100}.Release|x64.Deploy.0 = Release|x64
		{DBB98127-57D7-4B35-81FE-6BC43D941100}.Release|x86.ActiveCfg = Release|x86
		{DBB98127-57D7-4B35-81FE-6BC43D941100}.Release|x86.Build.0 = Release|x86
		{DBB98127-57D7-4B35-81FE-6BC43D941100}.Release|x86.Deploy.0 = Release|x86
		{E6EB82C3-3919-49A0-B807-770DCBE510B7}.Debug|Any CPU.ActiveCfg = Debug|Any CPU
		{E6EB82C3-3919-49A0-B807-770DCBE510B7}.Debug|Any CPU.Build.0 = Debug|Any CPU
		{E6EB82C3-3919-49A0-B807-770DCBE510B7}.Debug|Any CPU.Deploy.0 = Debug|Any CPU
		{E6EB82C3-3919-49A0-B807-770DCBE510B7}.Debug|ARM.ActiveCfg = Debug|ARM
		{E6EB82C3-3919-49A0-B807-770DCBE510B7}.Debug|ARM.Build.0 = Debug|ARM
		{E6EB82C3-3919-49A0-B807-770DCBE510B7}.Debug|ARM.Deploy.0 = Debug|ARM
		{E6EB82C3-3919-49A0-B807-770DCBE510B7}.Debug|x64.ActiveCfg = Debug|x64
		{E6EB82C3-3919-49A0-B807-770DCBE510B7}.Debug|x64.Build.0 = Debug|x64
		{E6EB82C3-3919-49A0-B807-770DCBE510B7}.Debug|x64.Deploy.0 = Debug|x64
		{E6EB82C3-3919-49A0-B807-770DCBE510B7}.Debug|x86.ActiveCfg = Debug|x86
		{E6EB82C3-3919-49A0-B807-770DCBE510B7}.Debug|x86.Build.0 = Debug|x86
		{E6EB82C3-3919-49A0-B807-770DCBE510B7}.Debug|x86.Deploy.0 = Debug|x86
		{E6EB82C3-3919-49A0-B807-770DCBE510B7}.Release|Any CPU.ActiveCfg = Release|Any CPU
		{E6EB82C3-3919-49A0-B807-770DCBE510B7}.Release|Any CPU.Build.0 = Release|Any CPU
		{E6EB82C3-3919-49A0-B807-770DCBE510B7}.Release|Any CPU.Deploy.0 = Release|Any CPU
		{E6EB82C3-3919-49A0-B807-770DCBE510B7}.Release|ARM.ActiveCfg = Release|ARM
		{E6EB82C3-3919-49A0-B807-770DCBE510B7}.Release|ARM.Build.0 = Release|ARM
		{E6EB82C3-3919-49A0-B807-770DCBE510B7}.Release|ARM.Deploy.0 = Release|ARM
		{E6EB82C3-3919-49A0-B807-770DCBE510B7}.Release|x64.ActiveCfg = Release|x64
		{E6EB82C3-3919-49A0-B807-770DCBE510B7}.Release|x64.Build.0 = Release|x64
		{E6EB82C3-3919-49A0-B807-770DCBE510B7}.Release|x64.Deploy.0 = Release|x64
		{E6EB82C3-3919-49A0-B807-770DCBE510B7}.Release|x86.ActiveCfg = Release|x86
		{E6EB82C3-3919-49A0-B807-770DCBE510B7}.Release|x86.Build.0 = Release|x86
		{E6EB82C3-3919-49A0-B807-770DCBE510B7}.Release|x86.Deploy.0 = Release|x86
	EndGlobalSection
	GlobalSection(SolutionProperties) = preSolution
		HideSolutionNode = FALSE
	EndGlobalSection
	GlobalSection(NestedProjects) = preSolution
		{3911CB56-0C7B-432F-A220-74B9C63DC1D2} = {B1F1C06B-34E4-4688-BA67-124EA6D9CD7E}
		{5AA09DCE-F49D-4829-A6AA-DE2974B8F69D} = {B1F1C06B-34E4-4688-BA67-124EA6D9CD7E}
		{F079F888-5E8B-4391-B105-69994CCFFECE} = {8FC3D751-2D21-47AB-9D0A-945FC5CF5708}
		{DFBBC8F9-0F5E-446F-8FF5-2B4513C62B2F} = {B1F1C06B-34E4-4688-BA67-124EA6D9CD7E}
		{FA174E16-3C99-453E-A74C-11B37AC21F23} = {8FC3D751-2D21-47AB-9D0A-945FC5CF5708}
		{E6DE2565-02BC-4478-9083-A7851C323CC0} = {8FC3D751-2D21-47AB-9D0A-945FC5CF5708}
		{6F1D21E6-EEBA-4D46-8E1A-44703C93044A} = {8FC3D751-2D21-47AB-9D0A-945FC5CF5708}
		{458AE041-D984-4417-BBD7-05FEE3F4F59E} = {8FC3D751-2D21-47AB-9D0A-945FC5CF5708}
		{B81065E8-61D6-4039-9521-433E7F394862} = {8FC3D751-2D21-47AB-9D0A-945FC5CF5708}
		{F42F6BB6-3FD3-4D38-98BE-8C7B7E17D66E} = {8FC3D751-2D21-47AB-9D0A-945FC5CF5708}
		{DBB98127-57D7-4B35-81FE-6BC43D941100} = {8FC3D751-2D21-47AB-9D0A-945FC5CF5708}
		{E6EB82C3-3919-49A0-B807-770DCBE510B7} = {8FC3D751-2D21-47AB-9D0A-945FC5CF5708}
	EndGlobalSection
EndGlobal
